
Microsoft Visual Studio Solution File, Format Version 12.00
# Visual Studio Version 17
VisualStudioVersion = 17.9.34714.143
MinimumVisualStudioVersion = 10.0.40219.1
Project("{9A19103F-16F7-4668-BE54-9A1E7A4F7556}") = "DatabaseRestApi", "DatabaseRestApi\DatabaseRestApi.csproj", "{DA53B4C3-0B76-4349-A0F0-95B25A7F28DC}"
EndProject
Project("{9A19103F-16F7-4668-BE54-9A1E7A4F7556}") = "Data", "Data\Data.csproj", "{4898C525-DF0C-4019-A588-31244D09B908}"
EndProject
Project("{9A19103F-16F7-4668-BE54-9A1E7A4F7556}") = "AdministrationApp", "AdministrationApp\AdministrationApp.csproj", "{9EA29042-201D-4A5F-B7F1-5F026F41F87D}"
EndProject
Project("{FAE04EC0-301F-11D3-BF4B-00C04F79EFBC}") = "WebInterface", "WebInterface\WebInterface.csproj", "{FF9C58A0-4EDB-4D1B-B084-9B07377F8AFA}"
EndProject
Global
	GlobalSection(SolutionConfigurationPlatforms) = preSolution
		Debug|Any CPU = Debug|Any CPU
		Release|Any CPU = Release|Any CPU
	EndGlobalSection
	GlobalSection(ProjectConfigurationPlatforms) = postSolution
		{DA53B4C3-0B76-4349-A0F0-95B25A7F28DC}.Debug|Any CPU.ActiveCfg = Debug|Any CPU
		{DA53B4C3-0B76-4349-A0F0-95B25A7F28DC}.Debug|Any CPU.Build.0 = Debug|Any CPU
		{DA53B4C3-0B76-4349-A0F0-95B25A7F28DC}.Release|Any CPU.ActiveCfg = Release|Any CPU
		{DA53B4C3-0B76-4349-A0F0-95B25A7F28DC}.Release|Any CPU.Build.0 = Release|Any CPU
		{4898C525-DF0C-4019-A588-31244D09B908}.Debug|Any CPU.ActiveCfg = Debug|Any CPU
		{4898C525-DF0C-4019-A588-31244D09B908}.Debug|Any CPU.Build.0 = Debug|Any CPU
		{4898C525-DF0C-4019-A588-31244D09B908}.Release|Any CPU.ActiveCfg = Release|Any CPU
		{4898C525-DF0C-4019-A588-31244D09B908}.Release|Any CPU.Build.0 = Release|Any CPU
		{9EA29042-201D-4A5F-B7F1-5F026F41F87D}.Debug|Any CPU.ActiveCfg = Debug|Any CPU
		{9EA29042-201D-4A5F-B7F1-5F026F41F87D}.Debug|Any CPU.Build.0 = Debug|Any CPU
		{9EA29042-201D-4A5F-B7F1-5F026F41F87D}.Release|Any CPU.ActiveCfg = Release|Any CPU
		{9EA29042-201D-4A5F-B7F1-5F026F41F87D}.Release|Any CPU.Build.0 = Release|Any CPU
		{FF9C58A0-4EDB-4D1B-B084-9B07377F8AFA}.Debug|Any CPU.ActiveCfg = Debug|Any CPU
		{FF9C58A0-4EDB-4D1B-B084-9B07377F8AFA}.Debug|Any CPU.Build.0 = Debug|Any CPU
		{FF9C58A0-4EDB-4D1B-B084-9B07377F8AFA}.Release|Any CPU.ActiveCfg = Release|Any CPU
		{FF9C58A0-4EDB-4D1B-B084-9B07377F8AFA}.Release|Any CPU.Build.0 = Release|Any CPU
	EndGlobalSection
	GlobalSection(SolutionProperties) = preSolution
		HideSolutionNode = FALSE
	EndGlobalSection
	GlobalSection(ExtensibilityGlobals) = postSolution
		SolutionGuid = {B6BB2C3C-8AEC-4B32-BCD2-4E60385BB7F7}
	EndGlobalSection
EndGlobal
